
Microsoft Visual Studio Solution File, Format Version 12.00
# Visual Studio Version 17
VisualStudioVersion = 17.1.32421.90
MinimumVisualStudioVersion = 10.0.40219.1
Project("{FAE04EC0-301F-11D3-BF4B-00C04F79EFBC}") = "Praxis 50 AltersGruppen", "Praxis 50 AltersGruppen\Praxis 50 AltersGruppen.csproj", "{43FC0CC0-8D2B-4A55-9F1B-79F14C6E6BAB}"
EndProject
Global
	GlobalSection(SolutionConfigurationPlatforms) = preSolution
		Debug|Any CPU = Debug|Any CPU
		Release|Any CPU = Release|Any CPU
	EndGlobalSection
	GlobalSection(ProjectConfigurationPlatforms) = postSolution
		{43FC0CC0-8D2B-4A55-9F1B-79F14C6E6BAB}.Debug|Any CPU.ActiveCfg = Debug|Any CPU
		{43FC0CC0-8D2B-4A55-9F1B-79F14C6E6BAB}.Debug|Any CPU.Build.0 = Debug|Any CPU
		{43FC0CC0-8D2B-4A55-9F1B-79F14C6E6BAB}.Release|Any CPU.ActiveCfg = Release|Any CPU
		{43FC0CC0-8D2B-4A55-9F1B-79F14C6E6BAB}.Release|Any CPU.Build.0 = Release|Any CPU
	EndGlobalSection
	GlobalSection(SolutionProperties) = preSolution
		HideSolutionNode = FALSE
	EndGlobalSection
	GlobalSection(ExtensibilityGlobals) = postSolution
		SolutionGuid = {225614F9-36C3-4FC7-A7B6-20E30D281DF4}
	EndGlobalSection
EndGlobal
