
Microsoft Visual Studio Solution File, Format Version 12.00
# Visual Studio Version 17
VisualStudioVersion = 17.1.32210.238
MinimumVisualStudioVersion = 10.0.40219.1
Project("{FAE04EC0-301F-11D3-BF4B-00C04F79EFBC}") = "Z1", "Z1\Z1.csproj", "{BE1FE3B8-E339-4442-9397-C7C5E1395577}"
EndProject
Global
	GlobalSection(SolutionConfigurationPlatforms) = preSolution
		Debug|Any CPU = Debug|Any CPU
		Release|Any CPU = Release|Any CPU
	EndGlobalSection
	GlobalSection(ProjectConfigurationPlatforms) = postSolution
		{BE1FE3B8-E339-4442-9397-C7C5E1395577}.Debug|Any CPU.ActiveCfg = Debug|Any CPU
		{BE1FE3B8-E339-4442-9397-C7C5E1395577}.Debug|Any CPU.Build.0 = Debug|Any CPU
		{BE1FE3B8-E339-4442-9397-C7C5E1395577}.Release|Any CPU.ActiveCfg = Release|Any CPU
		{BE1FE3B8-E339-4442-9397-C7C5E1395577}.Release|Any CPU.Build.0 = Release|Any CPU
	EndGlobalSection
	GlobalSection(SolutionProperties) = preSolution
		HideSolutionNode = FALSE
	EndGlobalSection
	GlobalSection(ExtensibilityGlobals) = postSolution
		SolutionGuid = {16143AC9-1581-47D8-803F-DC22748D2CEB}
	EndGlobalSection
EndGlobal
