
Microsoft Visual Studio Solution File, Format Version 12.00
# Visual Studio Version 17
VisualStudioVersion = 17.0.31912.275
MinimumVisualStudioVersion = 10.0.40219.1
Project("{FAE04EC0-301F-11D3-BF4B-00C04F79EFBC}") = "Aufgabe 4-1", "..\Aufgabe 4-1\Aufgabe 4-1.csproj", "{59555D8B-90E1-4971-81AB-38D2DC143419}"
EndProject
Project("{FAE04EC0-301F-11D3-BF4B-00C04F79EFBC}") = "Aufgabe 4-2", "..\Aufgabe 4-2\Aufgabe 4-2.csproj", "{EDDC17AA-4A32-48AA-8027-C7B02B599B31}"
EndProject
Project("{FAE04EC0-301F-11D3-BF4B-00C04F79EFBC}") = "Aufgabe 4-3", "..\Aufgabe 4-3\Aufgabe 4-3.csproj", "{58A2963C-AE1B-450F-99ED-78244F10C869}"
EndProject
Global
	GlobalSection(SolutionConfigurationPlatforms) = preSolution
		Debug|Any CPU = Debug|Any CPU
		Release|Any CPU = Release|Any CPU
	EndGlobalSection
	GlobalSection(ProjectConfigurationPlatforms) = postSolution
		{59555D8B-90E1-4971-81AB-38D2DC143419}.Debug|Any CPU.ActiveCfg = Debug|Any CPU
		{59555D8B-90E1-4971-81AB-38D2DC143419}.Debug|Any CPU.Build.0 = Debug|Any CPU
		{59555D8B-90E1-4971-81AB-38D2DC143419}.Release|Any CPU.ActiveCfg = Release|Any CPU
		{59555D8B-90E1-4971-81AB-38D2DC143419}.Release|Any CPU.Build.0 = Release|Any CPU
		{EDDC17AA-4A32-48AA-8027-C7B02B599B31}.Debug|Any CPU.ActiveCfg = Debug|Any CPU
		{EDDC17AA-4A32-48AA-8027-C7B02B599B31}.Debug|Any CPU.Build.0 = Debug|Any CPU
		{EDDC17AA-4A32-48AA-8027-C7B02B599B31}.Release|Any CPU.ActiveCfg = Release|Any CPU
		{EDDC17AA-4A32-48AA-8027-C7B02B599B31}.Release|Any CPU.Build.0 = Release|Any CPU
		{58A2963C-AE1B-450F-99ED-78244F10C869}.Debug|Any CPU.ActiveCfg = Debug|Any CPU
		{58A2963C-AE1B-450F-99ED-78244F10C869}.Debug|Any CPU.Build.0 = Debug|Any CPU
		{58A2963C-AE1B-450F-99ED-78244F10C869}.Release|Any CPU.ActiveCfg = Release|Any CPU
		{58A2963C-AE1B-450F-99ED-78244F10C869}.Release|Any CPU.Build.0 = Release|Any CPU
	EndGlobalSection
	GlobalSection(SolutionProperties) = preSolution
		HideSolutionNode = FALSE
	EndGlobalSection
	GlobalSection(ExtensibilityGlobals) = postSolution
		SolutionGuid = {EFC6DD8E-2328-47B7-9141-223B9089B6C2}
	EndGlobalSection
EndGlobal
