
Microsoft Visual Studio Solution File, Format Version 12.00
# Visual Studio Version 16
VisualStudioVersion = 16.0.31313.79
MinimumVisualStudioVersion = 10.0.40219.1
Project("{FAE04EC0-301F-11D3-BF4B-00C04F79EFBC}") = "Uebung22_WdhKontrollstrukturen", "Uebung22_WdhKontrollstrukturen\Uebung22_WdhKontrollstrukturen.csproj", "{049B7FB5-9207-4D80-8F53-EDFE688B8D13}"
EndProject
Global
	GlobalSection(SolutionConfigurationPlatforms) = preSolution
		Debug|Any CPU = Debug|Any CPU
		Release|Any CPU = Release|Any CPU
	EndGlobalSection
	GlobalSection(ProjectConfigurationPlatforms) = postSolution
		{049B7FB5-9207-4D80-8F53-EDFE688B8D13}.Debug|Any CPU.ActiveCfg = Debug|Any CPU
		{049B7FB5-9207-4D80-8F53-EDFE688B8D13}.Debug|Any CPU.Build.0 = Debug|Any CPU
		{049B7FB5-9207-4D80-8F53-EDFE688B8D13}.Release|Any CPU.ActiveCfg = Release|Any CPU
		{049B7FB5-9207-4D80-8F53-EDFE688B8D13}.Release|Any CPU.Build.0 = Release|Any CPU
	EndGlobalSection
	GlobalSection(SolutionProperties) = preSolution
		HideSolutionNode = FALSE
	EndGlobalSection
	GlobalSection(ExtensibilityGlobals) = postSolution
		SolutionGuid = {E2D50061-1C7E-4750-A517-DA2E8F98D6FC}
	EndGlobalSection
EndGlobal
