
Microsoft Visual Studio Solution File, Format Version 12.00
# Visual Studio Version 16
VisualStudioVersion = 16.0.31727.386
MinimumVisualStudioVersion = 10.0.40219.1
Project("{FAE04EC0-301F-11D3-BF4B-00C04F79EFBC}") = "Berechnung eines Quaders", "Berechnung eines Quaders.csproj", "{96A1FD8C-B9FE-4C84-8FA3-EB6D4A9ECB11}"
EndProject
Global
	GlobalSection(SolutionConfigurationPlatforms) = preSolution
		Debug|Any CPU = Debug|Any CPU
		Release|Any CPU = Release|Any CPU
	EndGlobalSection
	GlobalSection(ProjectConfigurationPlatforms) = postSolution
		{96A1FD8C-B9FE-4C84-8FA3-EB6D4A9ECB11}.Debug|Any CPU.ActiveCfg = Debug|Any CPU
		{96A1FD8C-B9FE-4C84-8FA3-EB6D4A9ECB11}.Debug|Any CPU.Build.0 = Debug|Any CPU
		{96A1FD8C-B9FE-4C84-8FA3-EB6D4A9ECB11}.Release|Any CPU.ActiveCfg = Release|Any CPU
		{96A1FD8C-B9FE-4C84-8FA3-EB6D4A9ECB11}.Release|Any CPU.Build.0 = Release|Any CPU
	EndGlobalSection
	GlobalSection(SolutionProperties) = preSolution
		HideSolutionNode = FALSE
	EndGlobalSection
	GlobalSection(ExtensibilityGlobals) = postSolution
		SolutionGuid = {B9CC9AD1-D7D2-46C4-8C96-D5F95EEC03B6}
	EndGlobalSection
EndGlobal
