
Microsoft Visual Studio Solution File, Format Version 12.00
# Visual Studio Version 16
VisualStudioVersion = 16.0.31727.386
MinimumVisualStudioVersion = 10.0.40219.1
Project("{FAE04EC0-301F-11D3-BF4B-00C04F79EFBC}") = "Übung 03 Berechnungen", "Übung 03 Berechnungen.csproj", "{65077CFF-2F2D-4C99-B36B-7E7CCA0A71B0}"
EndProject
Global
	GlobalSection(SolutionConfigurationPlatforms) = preSolution
		Debug|Any CPU = Debug|Any CPU
		Release|Any CPU = Release|Any CPU
	EndGlobalSection
	GlobalSection(ProjectConfigurationPlatforms) = postSolution
		{65077CFF-2F2D-4C99-B36B-7E7CCA0A71B0}.Debug|Any CPU.ActiveCfg = Debug|Any CPU
		{65077CFF-2F2D-4C99-B36B-7E7CCA0A71B0}.Debug|Any CPU.Build.0 = Debug|Any CPU
		{65077CFF-2F2D-4C99-B36B-7E7CCA0A71B0}.Release|Any CPU.ActiveCfg = Release|Any CPU
		{65077CFF-2F2D-4C99-B36B-7E7CCA0A71B0}.Release|Any CPU.Build.0 = Release|Any CPU
	EndGlobalSection
	GlobalSection(SolutionProperties) = preSolution
		HideSolutionNode = FALSE
	EndGlobalSection
	GlobalSection(ExtensibilityGlobals) = postSolution
		SolutionGuid = {8B295079-DD53-49B7-B310-CEEE3EA805AE}
	EndGlobalSection
EndGlobal
