
Microsoft Visual Studio Solution File, Format Version 12.00
# Visual Studio Version 17
VisualStudioVersion = 17.1.32421.90
MinimumVisualStudioVersion = 10.0.40219.1
Project("{FAE04EC0-301F-11D3-BF4B-00C04F79EFBC}") = "Praxis 44", "Praxis 44\Praxis 44.csproj", "{58A094AE-F103-4BD7-A8AC-A25A994D640B}"
EndProject
Global
	GlobalSection(SolutionConfigurationPlatforms) = preSolution
		Debug|Any CPU = Debug|Any CPU
		Release|Any CPU = Release|Any CPU
	EndGlobalSection
	GlobalSection(ProjectConfigurationPlatforms) = postSolution
		{58A094AE-F103-4BD7-A8AC-A25A994D640B}.Debug|Any CPU.ActiveCfg = Debug|Any CPU
		{58A094AE-F103-4BD7-A8AC-A25A994D640B}.Debug|Any CPU.Build.0 = Debug|Any CPU
		{58A094AE-F103-4BD7-A8AC-A25A994D640B}.Release|Any CPU.ActiveCfg = Release|Any CPU
		{58A094AE-F103-4BD7-A8AC-A25A994D640B}.Release|Any CPU.Build.0 = Release|Any CPU
	EndGlobalSection
	GlobalSection(SolutionProperties) = preSolution
		HideSolutionNode = FALSE
	EndGlobalSection
	GlobalSection(ExtensibilityGlobals) = postSolution
		SolutionGuid = {EC39E6D8-E5F7-41E5-9891-C45C39439AF2}
	EndGlobalSection
EndGlobal
