
Microsoft Visual Studio Solution File, Format Version 12.00
# Visual Studio Version 17
VisualStudioVersion = 17.0.31919.166
MinimumVisualStudioVersion = 10.0.40219.1
Project("{FAE04EC0-301F-11D3-BF4B-00C04F79EFBC}") = "praxis 16", "praxis 16\praxis 16.csproj", "{2037A1BB-1F2F-456D-AB3F-299C5DE8F769}"
EndProject
Global
	GlobalSection(SolutionConfigurationPlatforms) = preSolution
		Debug|Any CPU = Debug|Any CPU
		Release|Any CPU = Release|Any CPU
	EndGlobalSection
	GlobalSection(ProjectConfigurationPlatforms) = postSolution
		{2037A1BB-1F2F-456D-AB3F-299C5DE8F769}.Debug|Any CPU.ActiveCfg = Debug|Any CPU
		{2037A1BB-1F2F-456D-AB3F-299C5DE8F769}.Debug|Any CPU.Build.0 = Debug|Any CPU
		{2037A1BB-1F2F-456D-AB3F-299C5DE8F769}.Release|Any CPU.ActiveCfg = Release|Any CPU
		{2037A1BB-1F2F-456D-AB3F-299C5DE8F769}.Release|Any CPU.Build.0 = Release|Any CPU
	EndGlobalSection
	GlobalSection(SolutionProperties) = preSolution
		HideSolutionNode = FALSE
	EndGlobalSection
	GlobalSection(ExtensibilityGlobals) = postSolution
		SolutionGuid = {72867E07-89F8-4876-89D9-C22C2B2A4C25}
	EndGlobalSection
EndGlobal
